
Microsoft Visual Studio Solution File, Format Version 12.00
# Visual Studio Version 16
VisualStudioVersion = 16.0.30406.217
MinimumVisualStudioVersion = 10.0.40219.1
Project("{FAE04EC0-301F-11D3-BF4B-00C04F79EFBC}") = "StudentCrudAPI", "StudentCrudAPI\StudentCrudAPI.csproj", "{46DE7098-2D41-4A7A-AC1F-C93A3F07493B}"
EndProject
Global
	GlobalSection(SolutionConfigurationPlatforms) = preSolution
		Debug|Any CPU = Debug|Any CPU
		Release|Any CPU = Release|Any CPU
	EndGlobalSection
	GlobalSection(ProjectConfigurationPlatforms) = postSolution
		{46DE7098-2D41-4A7A-AC1F-C93A3F07493B}.Debug|Any CPU.ActiveCfg = Debug|Any CPU
		{46DE7098-2D41-4A7A-AC1F-C93A3F07493B}.Debug|Any CPU.Build.0 = Debug|Any CPU
		{46DE7098-2D41-4A7A-AC1F-C93A3F07493B}.Release|Any CPU.ActiveCfg = Release|Any CPU
		{46DE7098-2D41-4A7A-AC1F-C93A3F07493B}.Release|Any CPU.Build.0 = Release|Any CPU
	EndGlobalSection
	GlobalSection(SolutionProperties) = preSolution
		HideSolutionNode = FALSE
	EndGlobalSection
	GlobalSection(ExtensibilityGlobals) = postSolution
		SolutionGuid = {6443D037-676A-40AE-AE78-00FFB6CA1643}
	EndGlobalSection
EndGlobal
